{
  "name": "mocked-realm-studio",
  "version": "999.0.0",
  "lockfileVersion": 3,
  "requires": true,
  "packages": {
    "": {
      "name": "mocked-realm-studio",
      "version": "999.0.0",
      "license": "Apache-2.0",
      "devDependencies": {
        "electron": "file:../../../../node_modules/electron"
      }
    },
    "../../../../node_modules/electron": {
      "version": "19.1.8",
      "integrity": "sha512-Bp1CwnYaIWXNL9ZjgEaLlEkVEGpjJMupcAnxyCe00C2ZhQT9gY+RJaPzkrZC+J/Gc4MvvLtJcy/Hvsc+MTkfNg==",
      "dev": true,
      "hasInstallScript": true,
      "license": "MIT",
      "dependencies": {
        "@electron/get": "^1.14.1",
        "@types/node": "^16.11.26",
        "extract-zip": "^1.0.3"
      },
      "bin": {
        "electron": "cli.js"
      },
      "engines": {
        "node": ">= 8.6"
      }
    },
    "node_modules/electron": {
      "resolved": "../../../../node_modules/electron",
      "link": true
    }
  }
}
