{
  "name": "mocked-realm-studio",
  "version": "999.0.0",
  "lockfileVersion": 1,
  "requires": true,
  "dependencies": {
    "electron": {
      "version": "file:../../../../node_modules/electron",
      "integrity": "sha512-Bp1CwnYaIWXNL9ZjgEaLlEkVEGpjJMupcAnxyCe00C2ZhQT9gY+RJaPzkrZC+J/Gc4MvvLtJcy/Hvsc+MTkfNg==",
      "dev": true,
      "requires": {
        "@types/node": "^8.0.24",
        "electron-download": "^4.1.0",
        "extract-zip": "^1.0.3"
      }
    }
  }
}
